
Microsoft Visual Studio Solution File, Format Version 12.00
# Visual Studio 15
VisualStudioVersion = 15.0.28307.779
MinimumVisualStudioVersion = 10.0.40219.1
Project("{FAE04EC0-301F-11D3-BF4B-00C04F79EFBC}") = "WebApi", "WebApi\WebApi.csproj", "{A09555E8-60D4-4903-8DA7-E840DB51F94B}"
EndProject
Global
	GlobalSection(SolutionConfigurationPlatforms) = preSolution
		Debug|Any CPU = Debug|Any CPU
		Release|Any CPU = Release|Any CPU
	EndGlobalSection
	GlobalSection(ProjectConfigurationPlatforms) = postSolution
		{A09555E8-60D4-4903-8DA7-E840DB51F94B}.Debug|Any CPU.ActiveCfg = Debug|Any CPU
		{A09555E8-60D4-4903-8DA7-E840DB51F94B}.Debug|Any CPU.Build.0 = Debug|Any CPU
		{A09555E8-60D4-4903-8DA7-E840DB51F94B}.Release|Any CPU.ActiveCfg = Release|Any CPU
		{A09555E8-60D4-4903-8DA7-E840DB51F94B}.Release|Any CPU.Build.0 = Release|Any CPU
	EndGlobalSection
	GlobalSection(SolutionProperties) = preSolution
		HideSolutionNode = FALSE
	EndGlobalSection
	GlobalSection(ExtensibilityGlobals) = postSolution
		SolutionGuid = {EDCC6B41-3A89-4F62-992E-A010194637D7}
	EndGlobalSection
EndGlobal
